
Microsoft Visual Studio Solution File, Format Version 12.00
# Visual Studio 2013
VisualStudioVersion = 12.0.21005.1
MinimumVisualStudioVersion = 10.0.40219.1
Project("{FAE04EC0-301F-11D3-BF4B-00C04F79EFBC}") = "TherapyScheduler", "TherapyScheduler\TherapyScheduler.csproj", "{C7207613-32BA-4443-A7B1-8E364567E779}"
EndProject
Global
	GlobalSection(SolutionConfigurationPlatforms) = preSolution
		Debug|Any CPU = Debug|Any CPU
		Release|Any CPU = Release|Any CPU
	EndGlobalSection
	GlobalSection(ProjectConfigurationPlatforms) = postSolution
		{C7207613-32BA-4443-A7B1-8E364567E779}.Debug|Any CPU.ActiveCfg = Debug|Any CPU
		{C7207613-32BA-4443-A7B1-8E364567E779}.Debug|Any CPU.Build.0 = Debug|Any CPU
		{C7207613-32BA-4443-A7B1-8E364567E779}.Release|Any CPU.ActiveCfg = Release|Any CPU
		{C7207613-32BA-4443-A7B1-8E364567E779}.Release|Any CPU.Build.0 = Release|Any CPU
	EndGlobalSection
	GlobalSection(SolutionProperties) = preSolution
		HideSolutionNode = FALSE
	EndGlobalSection
EndGlobal
